
Microsoft Visual Studio Solution File, Format Version 12.00
# Visual Studio Version 16
VisualStudioVersion = 16.0.29905.134
MinimumVisualStudioVersion = 10.0.40219.1
Project("{9A19103F-16F7-4668-BE54-9A1E7A4F7556}") = "jjwebapicore", "jjwebapicore\jjwebapicore.csproj", "{DB120B52-302A-4EFC-A67D-64FBE8BF239E}"
EndProject
Project("{2150E333-8FDC-42A3-9474-1A3956D46DE8}") = "Solution Items", "Solution Items", "{AB673F4C-973E-4024-8BB0-761AB41A0A70}"
	ProjectSection(SolutionItems) = preProject
		README.md = README.md
	EndProjectSection
EndProject
Project("{FAE04EC0-301F-11D3-BF4B-00C04F79EFBC}") = "jjwebapicoreTests", "jjwebapicoreTests\jjwebapicoreTests.csproj", "{5C1DB202-D6ED-400C-B7E8-8D0C04D367F1}"
EndProject
Global
	GlobalSection(SolutionConfigurationPlatforms) = preSolution
		Debug|Any CPU = Debug|Any CPU
		Release|Any CPU = Release|Any CPU
	EndGlobalSection
	GlobalSection(ProjectConfigurationPlatforms) = postSolution
		{DB120B52-302A-4EFC-A67D-64FBE8BF239E}.Debug|Any CPU.ActiveCfg = Debug|Any CPU
		{DB120B52-302A-4EFC-A67D-64FBE8BF239E}.Debug|Any CPU.Build.0 = Debug|Any CPU
		{DB120B52-302A-4EFC-A67D-64FBE8BF239E}.Release|Any CPU.ActiveCfg = Release|Any CPU
		{DB120B52-302A-4EFC-A67D-64FBE8BF239E}.Release|Any CPU.Build.0 = Release|Any CPU
		{5C1DB202-D6ED-400C-B7E8-8D0C04D367F1}.Debug|Any CPU.ActiveCfg = Debug|Any CPU
		{5C1DB202-D6ED-400C-B7E8-8D0C04D367F1}.Debug|Any CPU.Build.0 = Debug|Any CPU
		{5C1DB202-D6ED-400C-B7E8-8D0C04D367F1}.Release|Any CPU.ActiveCfg = Release|Any CPU
		{5C1DB202-D6ED-400C-B7E8-8D0C04D367F1}.Release|Any CPU.Build.0 = Release|Any CPU
	EndGlobalSection
	GlobalSection(SolutionProperties) = preSolution
		HideSolutionNode = FALSE
	EndGlobalSection
	GlobalSection(ExtensibilityGlobals) = postSolution
		SolutionGuid = {4F39894D-8946-4738-AC60-6C0E139060EE}
	EndGlobalSection
EndGlobal
